// !$*UTF8*$!
{
	archiveVersion = 1;
	classes = {
	};
	objectVersion = 46;
	objects = {

/* Begin PBXBuildFile section */
		CFEAB54B1A597D2B00696D42 /* CoreAnimationImplicitCA.m in Sources */ = {isa = PBXBuildFile; fileRef = CFEAB54A1A597D2B00696D42 /* CoreAnimationImplicitCA.m */; };
		D616686C1A49038B0067C179 /* Line.m in Sources */ = {isa = PBXBuildFile; fileRef = D616686B1A49038B0067C179 /* Line.m */; };
		D616686F1A490BCB0067C179 /* Arcs.m in Sources */ = {isa = PBXBuildFile; fileRef = D616686E1A490BCB0067C179 /* Arcs.m */; };
		D61668751A493EC10067C179 /* RectView.m in Sources */ = {isa = PBXBuildFile; fileRef = D61668741A493EC10067C179 /* RectView.m */; };
		D61668781A49459F0067C179 /* Blend.m in Sources */ = {isa = PBXBuildFile; fileRef = D61668771A49459F0067C179 /* Blend.m */; };
		D619AE461A7725300001CC97 /* AFDemoViewController.m in Sources */ = {isa = PBXBuildFile; fileRef = D619AE451A7725300001CC97 /* AFDemoViewController.m */; };
		D619AE4A1A77286B0001CC97 /* VersionResponse.m in Sources */ = {isa = PBXBuildFile; fileRef = D619AE491A77286B0001CC97 /* VersionResponse.m */; };
		D619AE661A7728990001CC97 /* DebugUtil.m in Sources */ = {isa = PBXBuildFile; fileRef = D619AE4F1A7728990001CC97 /* DebugUtil.m */; };
		D619AE671A7728990001CC97 /* JSONUtil.m in Sources */ = {isa = PBXBuildFile; fileRef = D619AE511A7728990001CC97 /* JSONUtil.m */; };
		D619AE681A7728990001CC97 /* NSDate+Utilities.m in Sources */ = {isa = PBXBuildFile; fileRef = D619AE541A7728990001CC97 /* NSDate+Utilities.m */; };
		D619AE691A7728990001CC97 /* NSString+MD5.m in Sources */ = {isa = PBXBuildFile; fileRef = D619AE561A7728990001CC97 /* NSString+MD5.m */; };
		D619AE6A1A7728990001CC97 /* PathUtil.m in Sources */ = {isa = PBXBuildFile; fileRef = D619AE581A7728990001CC97 /* PathUtil.m */; };
		D619AE6B1A7728990001CC97 /* UIImage+Color.m in Sources */ = {isa = PBXBuildFile; fileRef = D619AE5A1A7728990001CC97 /* UIImage+Color.m */; };
		D619AE6C1A7728990001CC97 /* UIView+Frame.m in Sources */ = {isa = PBXBuildFile; fileRef = D619AE5C1A7728990001CC97 /* UIView+Frame.m */; };
		D619AE6D1A7728990001CC97 /* UIView+MGBadgeView.m in Sources */ = {isa = PBXBuildFile; fileRef = D619AE5E1A7728990001CC97 /* UIView+MGBadgeView.m */; };
		D619AE6F1A7728990001CC97 /* UIViewController+DismissKeyboard.m in Sources */ = {isa = PBXBuildFile; fileRef = D619AE621A7728990001CC97 /* UIViewController+DismissKeyboard.m */; };
		D619AE771A772AAD0001CC97 /* AppUtil.m in Sources */ = {isa = PBXBuildFile; fileRef = D619AE761A772AAD0001CC97 /* AppUtil.m */; };
		D619AE7A1A772BA90001CC97 /* PropertiesManager.m in Sources */ = {isa = PBXBuildFile; fileRef = D619AE791A772BA90001CC97 /* PropertiesManager.m */; };
		D619AE7C1A772C3D0001CC97 /* HTTPResponse.m in Sources */ = {isa = PBXBuildFile; fileRef = D619AE7B1A772C3D0001CC97 /* HTTPResponse.m */; };
		D61E33B31A78D7DE00105117 /* UIViewController+AbnormalDisplay.m in Sources */ = {isa = PBXBuildFile; fileRef = D61E33B21A78D7DE00105117 /* UIViewController+AbnormalDisplay.m */; };
		D63ADF1D1A413007009CA874 /* RuntimeDemoOneViewController.m in Sources */ = {isa = PBXBuildFile; fileRef = D63ADF1C1A413007009CA874 /* RuntimeDemoOneViewController.m */; settings = {COMPILER_FLAGS = "-fno-objc-arc"; }; };
		D63ADF201A415B74009CA874 /* RuntimeDemoTwoViewController.m in Sources */ = {isa = PBXBuildFile; fileRef = D63ADF1F1A415B74009CA874 /* RuntimeDemoTwoViewController.m */; settings = {COMPILER_FLAGS = "-fno-objc-arc"; }; };
		D63ADF231A416B8E009CA874 /* RuntimeDemoThreeViewController.m in Sources */ = {isa = PBXBuildFile; fileRef = D63ADF221A416B8E009CA874 /* RuntimeDemoThreeViewController.m */; };
		D63ADF261A416EF9009CA874 /* NSObject+AutoEncodeDecode.m in Sources */ = {isa = PBXBuildFile; fileRef = D63ADF251A416EF9009CA874 /* NSObject+AutoEncodeDecode.m */; settings = {COMPILER_FLAGS = "-fno-objc-arc"; }; };
		D63ADF391A41879A009CA874 /* TestArrayOrderViewController.m in Sources */ = {isa = PBXBuildFile; fileRef = D63ADF381A41879A009CA874 /* TestArrayOrderViewController.m */; };
		D6422CC51A397E85000D9759 /* main.m in Sources */ = {isa = PBXBuildFile; fileRef = D6422CC41A397E85000D9759 /* main.m */; };
		D6422CC81A397E85000D9759 /* AppDelegate.m in Sources */ = {isa = PBXBuildFile; fileRef = D6422CC71A397E85000D9759 /* AppDelegate.m */; };
		D6422CCB1A397E85000D9759 /* RootViewController.m in Sources */ = {isa = PBXBuildFile; fileRef = D6422CCA1A397E85000D9759 /* RootViewController.m */; };
		D6422CCE1A397E85000D9759 /* Main.storyboard in Resources */ = {isa = PBXBuildFile; fileRef = D6422CCC1A397E85000D9759 /* Main.storyboard */; };
		D6422CD01A397E85000D9759 /* Images.xcassets in Resources */ = {isa = PBXBuildFile; fileRef = D6422CCF1A397E85000D9759 /* Images.xcassets */; };
		D6422CD31A397E85000D9759 /* LaunchScreen.xib in Resources */ = {isa = PBXBuildFile; fileRef = D6422CD11A397E85000D9759 /* LaunchScreen.xib */; };
		D6422CDF1A397E85000D9759 /* TraningTarget_iOSTests.m in Sources */ = {isa = PBXBuildFile; fileRef = D6422CDE1A397E85000D9759 /* TraningTarget_iOSTests.m */; };
		D6422CED1A3990D4000D9759 /* RuntimeMsgForWarding.m in Sources */ = {isa = PBXBuildFile; fileRef = D6422CEC1A3990D4000D9759 /* RuntimeMsgForWarding.m */; };
		D6422CF01A399587000D9759 /* ClassSet.m in Sources */ = {isa = PBXBuildFile; fileRef = D6422CEF1A399587000D9759 /* ClassSet.m */; };
		D6422CF61A3996D5000D9759 /* BaseViewController.m in Sources */ = {isa = PBXBuildFile; fileRef = D6422CF51A3996D5000D9759 /* BaseViewController.m */; };
		D6422CF91A399798000D9759 /* ClassItem.m in Sources */ = {isa = PBXBuildFile; fileRef = D6422CF81A399798000D9759 /* ClassItem.m */; };
		D6492A6C1A8855B3007FC85C /* RotateImageViewController.m in Sources */ = {isa = PBXBuildFile; fileRef = D6492A6B1A8855B3007FC85C /* RotateImageViewController.m */; };
		D6492A6E1A885614007FC85C /* rotate.jpg in Resources */ = {isa = PBXBuildFile; fileRef = D6492A6D1A885614007FC85C /* rotate.jpg */; };
		D65686511A441BD400576E94 /* CoreGarphicsDemoViewController.m in Sources */ = {isa = PBXBuildFile; fileRef = D65686501A441BD400576E94 /* CoreGarphicsDemoViewController.m */; };
		D65AD0BF1A3EC6AA00D6E193 /* EmptyClass.m in Sources */ = {isa = PBXBuildFile; fileRef = D65AD0BE1A3EC6AA00D6E193 /* EmptyClass.m */; };
		D65CC5FD1A78CC4E003AD059 /* TipTestViewController.m in Sources */ = {isa = PBXBuildFile; fileRef = D65CC5FC1A78CC4E003AD059 /* TipTestViewController.m */; };
		D65DDE671A885911005F3AB5 /* UIImage+Rotate.m in Sources */ = {isa = PBXBuildFile; fileRef = D65DDE661A885911005F3AB5 /* UIImage+Rotate.m */; };
		D674FDD21A81F2DC00CAE789 /* MyRequestProtocol.m in Sources */ = {isa = PBXBuildFile; fileRef = D674FDD11A81F2DC00CAE789 /* MyRequestProtocol.m */; };
		D68411861A5CCA560078A807 /* test.png in Resources */ = {isa = PBXBuildFile; fileRef = D68411851A5CCA560078A807 /* test.png */; };
		D6A9E76D1A49021F001448C0 /* QuartzView.m in Sources */ = {isa = PBXBuildFile; fileRef = D6A9E76C1A49021F001448C0 /* QuartzView.m */; };
		D6B90B0C1AA03FBA00B8A080 /* AssetsLibraryViewController.m in Sources */ = {isa = PBXBuildFile; fileRef = D6B90B0B1AA03FBA00B8A080 /* AssetsLibraryViewController.m */; };
		D6B90B0E1AA03FCE00B8A080 /* AssetsLibrary.framework in Frameworks */ = {isa = PBXBuildFile; fileRef = D6B90B0D1AA03FCE00B8A080 /* AssetsLibrary.framework */; };
		D6B90B111AA05CA500B8A080 /* PictureObject.m in Sources */ = {isa = PBXBuildFile; fileRef = D6B90B101AA05CA500B8A080 /* PictureObject.m */; };
		D6B90B231AA411A400B8A080 /* dispatch_group_tAndNotificationViewController.m in Sources */ = {isa = PBXBuildFile; fileRef = D6B90B221AA411A400B8A080 /* dispatch_group_tAndNotificationViewController.m */; };
		D6C3BDF21A58D5B300E0D405 /* CoreAnimationDemoViewController.m in Sources */ = {isa = PBXBuildFile; fileRef = D6C3BDF11A58D5B300E0D405 /* CoreAnimationDemoViewController.m */; };
		D6C3BDF41A58D60000E0D405 /* QuartzCore.framework in Frameworks */ = {isa = PBXBuildFile; fileRef = D6C3BDF31A58D60000E0D405 /* QuartzCore.framework */; };
		D6C3BDF71A591EE400E0D405 /* CoreAnimationDemoTwoViewController.m in Sources */ = {isa = PBXBuildFile; fileRef = D6C3BDF61A591EE400E0D405 /* CoreAnimationDemoTwoViewController.m */; };
		D6C3BDF91A5940B500E0D405 /* fire.png in Resources */ = {isa = PBXBuildFile; fileRef = D6C3BDF81A5940B500E0D405 /* fire.png */; };
		D6D0EAC61A5A2D6F005C3A5D /* CoreAnimationExplicitCA.m in Sources */ = {isa = PBXBuildFile; fileRef = D6D0EAC51A5A2D6F005C3A5D /* CoreAnimationExplicitCA.m */; };
		D6D0EAC81A5A4477005C3A5D /* car.png in Resources */ = {isa = PBXBuildFile; fileRef = D6D0EAC71A5A4477005C3A5D /* car.png */; };
		D6D0EACB1A5A6264005C3A5D /* CoreAnimationCAMediaTiming.m in Sources */ = {isa = PBXBuildFile; fileRef = D6D0EACA1A5A6264005C3A5D /* CoreAnimationCAMediaTiming.m */; };
		D6D0EACD1A5A64FE005C3A5D /* door.png in Resources */ = {isa = PBXBuildFile; fileRef = D6D0EACC1A5A64FE005C3A5D /* door.png */; };
		D6D0EAD01A5A7386005C3A5D /* CoreAnimationCAMediaTimingFunction.m in Sources */ = {isa = PBXBuildFile; fileRef = D6D0EACF1A5A7386005C3A5D /* CoreAnimationCAMediaTimingFunction.m */; };
		D6D0EAD21A5A7823005C3A5D /* qq.png in Resources */ = {isa = PBXBuildFile; fileRef = D6D0EAD11A5A7823005C3A5D /* qq.png */; };
		D6D0EAD51A5A9533005C3A5D /* CoreAnimationCANiubilty.m in Sources */ = {isa = PBXBuildFile; fileRef = D6D0EAD41A5A9533005C3A5D /* CoreAnimationCANiubilty.m */; };
		D6D0EAD81A5B84F8005C3A5D /* CAShapeLayerDrawing.m in Sources */ = {isa = PBXBuildFile; fileRef = D6D0EAD71A5B84F8005C3A5D /* CAShapeLayerDrawing.m */; };
		D6D0EADB1A5B896F005C3A5D /* DrawingView.m in Sources */ = {isa = PBXBuildFile; fileRef = D6D0EADA1A5B896F005C3A5D /* DrawingView.m */; };
		D6D943891A3AB7C800898FA3 /* MsgForWardingDemo.m in Sources */ = {isa = PBXBuildFile; fileRef = D6D943881A3AB7C800898FA3 /* MsgForWardingDemo.m */; };
		D6D943901A3AC7E900898FA3 /* RuntimePropertyAndFunction.m in Sources */ = {isa = PBXBuildFile; fileRef = D6D9438F1A3AC7E900898FA3 /* RuntimePropertyAndFunction.m */; };
		D6D943941A3AE19B00898FA3 /* RuntimeDynamicMethodResolutionAndDynamicLoading.m in Sources */ = {isa = PBXBuildFile; fileRef = D6D943931A3AE19B00898FA3 /* RuntimeDynamicMethodResolutionAndDynamicLoading.m */; };
		D6EA5CF71AA598FA00BA68D4 /* ZXingOBJCViewController.m in Sources */ = {isa = PBXBuildFile; fileRef = D6EA5CF61AA598FA00BA68D4 /* ZXingOBJCViewController.m */; };
		D6EA5CF91AA59A1800BA68D4 /* barcode.png in Resources */ = {isa = PBXBuildFile; fileRef = D6EA5CF81AA59A1800BA68D4 /* barcode.png */; };
		D6EADF711A4952AB00D46981 /* ImageAndTiling.m in Sources */ = {isa = PBXBuildFile; fileRef = D6EADF701A4952AB00D46981 /* ImageAndTiling.m */; };
		D6EADF731A49551000D46981 /* demo.png in Resources */ = {isa = PBXBuildFile; fileRef = D6EADF721A49551000D46981 /* demo.png */; };
		D6EADF761A49646F00D46981 /* Pattern.m in Sources */ = {isa = PBXBuildFile; fileRef = D6EADF751A49646F00D46981 /* Pattern.m */; };
		D6EADF791A496B5200D46981 /* Gradient.m in Sources */ = {isa = PBXBuildFile; fileRef = D6EADF781A496B5200D46981 /* Gradient.m */; };
		D6EADF7C1A4A528F00D46981 /* Clipping.m in Sources */ = {isa = PBXBuildFile; fileRef = D6EADF7B1A4A528F00D46981 /* Clipping.m */; };
		D6EADF7E1A4A530400D46981 /* Ship.png in Resources */ = {isa = PBXBuildFile; fileRef = D6EADF7D1A4A530400D46981 /* Ship.png */; };
		D6EADF841A4A5A8400D46981 /* Mask.m in Sources */ = {isa = PBXBuildFile; fileRef = D6EADF831A4A5A8400D46981 /* Mask.m */; };
		D6EADF8B1A4AA42600D46981 /* UIViewController+HUD.m in Sources */ = {isa = PBXBuildFile; fileRef = D6EADF8A1A4AA42600D46981 /* UIViewController+HUD.m */; };
		D6EADF8E1A4AA45400D46981 /* CategoryViewController.m in Sources */ = {isa = PBXBuildFile; fileRef = D6EADF8D1A4AA45400D46981 /* CategoryViewController.m */; };
		D6F2254E1A400B0E00E3FCB2 /* TestCustomAlertViewController.m in Sources */ = {isa = PBXBuildFile; fileRef = D6F2254D1A400B0E00E3FCB2 /* TestCustomAlertViewController.m */; };
		D6F225531A40138000E3FCB2 /* JKUpdateAlertView.m in Sources */ = {isa = PBXBuildFile; fileRef = D6F225521A40138000E3FCB2 /* JKUpdateAlertView.m */; };
		D6F2255C1A41174000E3FCB2 /* TestRemoveViewTestController.m in Sources */ = {isa = PBXBuildFile; fileRef = D6F2255B1A41174000E3FCB2 /* TestRemoveViewTestController.m */; };
		D6F307A31A6CDE0C008546F2 /* UIImage+UIImageExtras.m in Sources */ = {isa = PBXBuildFile; fileRef = D6F307A21A6CDE0C008546F2 /* UIImage+UIImageExtras.m */; };
		F814BB409CFB202F26CDEBDD /* libPods.a in Frameworks */ = {isa = PBXBuildFile; fileRef = 32E9A4D9DB94E1EC8F2C4F93 /* libPods.a */; };
/* End PBXBuildFile section */

/* Begin PBXContainerItemProxy section */
		D6422CD91A397E85000D9759 /* PBXContainerItemProxy */ = {
			isa = PBXContainerItemProxy;
			containerPortal = D6422CB71A397E85000D9759 /* Project object */;
			proxyType = 1;
			remoteGlobalIDString = D6422CBE1A397E85000D9759;
			remoteInfo = "TraningTarget-iOS";
		};
/* End PBXContainerItemProxy section */

/* Begin PBXFileReference section */
		32E9A4D9DB94E1EC8F2C4F93 /* libPods.a */ = {isa = PBXFileReference; explicitFileType = archive.ar; includeInIndex = 0; path = libPods.a; sourceTree = BUILT_PRODUCTS_DIR; };
		5310E391BEB252286D0FDC14 /* Pods.debug.xcconfig */ = {isa = PBXFileReference; includeInIndex = 1; lastKnownFileType = text.xcconfig; name = Pods.debug.xcconfig; path = "Pods/Target Support Files/Pods/Pods.debug.xcconfig"; sourceTree = "<group>"; };
		9E51B3FDA7BC7E8AF676D062 /* Pods.release.xcconfig */ = {isa = PBXFileReference; includeInIndex = 1; lastKnownFileType = text.xcconfig; name = Pods.release.xcconfig; path = "Pods/Target Support Files/Pods/Pods.release.xcconfig"; sourceTree = "<group>"; };
		CFEAB5491A597D2B00696D42 /* CoreAnimationImplicitCA.h */ = {isa = PBXFileReference; fileEncoding = 4; lastKnownFileType = sourcecode.c.h; path = CoreAnimationImplicitCA.h; sourceTree = "<group>"; };
		CFEAB54A1A597D2B00696D42 /* CoreAnimationImplicitCA.m */ = {isa = PBXFileReference; fileEncoding = 4; lastKnownFileType = sourcecode.c.objc; path = CoreAnimationImplicitCA.m; sourceTree = "<group>"; };
		D616686A1A49038B0067C179 /* Line.h */ = {isa = PBXFileReference; fileEncoding = 4; lastKnownFileType = sourcecode.c.h; path = Line.h; sourceTree = "<group>"; };
		D616686B1A49038B0067C179 /* Line.m */ = {isa = PBXFileReference; fileEncoding = 4; lastKnownFileType = sourcecode.c.objc; path = Line.m; sourceTree = "<group>"; };
		D616686D1A490BCB0067C179 /* Arcs.h */ = {isa = PBXFileReference; fileEncoding = 4; lastKnownFileType = sourcecode.c.h; path = Arcs.h; sourceTree = "<group>"; };
		D616686E1A490BCB0067C179 /* Arcs.m */ = {isa = PBXFileReference; fileEncoding = 4; lastKnownFileType = sourcecode.c.objc; path = Arcs.m; sourceTree = "<group>"; };
		D61668731A493EC10067C179 /* RectView.h */ = {isa = PBXFileReference; fileEncoding = 4; lastKnownFileType = sourcecode.c.h; path = RectView.h; sourceTree = "<group>"; };
		D61668741A493EC10067C179 /* RectView.m */ = {isa = PBXFileReference; fileEncoding = 4; lastKnownFileType = sourcecode.c.objc; path = RectView.m; sourceTree = "<group>"; };
		D61668761A49459F0067C179 /* Blend.h */ = {isa = PBXFileReference; fileEncoding = 4; lastKnownFileType = sourcecode.c.h; path = Blend.h; sourceTree = "<group>"; };
		D61668771A49459F0067C179 /* Blend.m */ = {isa = PBXFileReference; fileEncoding = 4; lastKnownFileType = sourcecode.c.objc; path = Blend.m; sourceTree = "<group>"; };
		D619AE441A7725300001CC97 /* AFDemoViewController.h */ = {isa = PBXFileReference; fileEncoding = 4; lastKnownFileType = sourcecode.c.h; path = AFDemoViewController.h; sourceTree = "<group>"; };
		D619AE451A7725300001CC97 /* AFDemoViewController.m */ = {isa = PBXFileReference; fileEncoding = 4; lastKnownFileType = sourcecode.c.objc; path = AFDemoViewController.m; sourceTree = "<group>"; };
		D619AE471A7727B40001CC97 /* Macros.h */ = {isa = PBXFileReference; lastKnownFileType = sourcecode.c.h; path = Macros.h; sourceTree = "<group>"; };
		D619AE481A77286B0001CC97 /* VersionResponse.h */ = {isa = PBXFileReference; fileEncoding = 4; lastKnownFileType = sourcecode.c.h; path = VersionResponse.h; sourceTree = "<group>"; };
		D619AE491A77286B0001CC97 /* VersionResponse.m */ = {isa = PBXFileReference; fileEncoding = 4; lastKnownFileType = sourcecode.c.objc; path = VersionResponse.m; sourceTree = "<group>"; };
		D619AE4E1A7728990001CC97 /* DebugUtil.h */ = {isa = PBXFileReference; fileEncoding = 4; lastKnownFileType = sourcecode.c.h; path = DebugUtil.h; sourceTree = "<group>"; };
		D619AE4F1A7728990001CC97 /* DebugUtil.m */ = {isa = PBXFileReference; fileEncoding = 4; lastKnownFileType = sourcecode.c.objc; path = DebugUtil.m; sourceTree = "<group>"; };
		D619AE501A7728990001CC97 /* JSONUtil.h */ = {isa = PBXFileReference; fileEncoding = 4; lastKnownFileType = sourcecode.c.h; path = JSONUtil.h; sourceTree = "<group>"; };
		D619AE511A7728990001CC97 /* JSONUtil.m */ = {isa = PBXFileReference; fileEncoding = 4; lastKnownFileType = sourcecode.c.objc; path = JSONUtil.m; sourceTree = "<group>"; };
		D619AE521A7728990001CC97 /* Macros.h */ = {isa = PBXFileReference; fileEncoding = 4; lastKnownFileType = sourcecode.c.h; path = Macros.h; sourceTree = "<group>"; };
		D619AE531A7728990001CC97 /* NSDate+Utilities.h */ = {isa = PBXFileReference; fileEncoding = 4; lastKnownFileType = sourcecode.c.h; path = "NSDate+Utilities.h"; sourceTree = "<group>"; };
		D619AE541A7728990001CC97 /* NSDate+Utilities.m */ = {isa = PBXFileReference; fileEncoding = 4; lastKnownFileType = sourcecode.c.objc; path = "NSDate+Utilities.m"; sourceTree = "<group>"; };
		D619AE551A7728990001CC97 /* NSString+MD5.h */ = {isa = PBXFileReference; fileEncoding = 4; lastKnownFileType = sourcecode.c.h; path = "NSString+MD5.h"; sourceTree = "<group>"; };
		D619AE561A7728990001CC97 /* NSString+MD5.m */ = {isa = PBXFileReference; fileEncoding = 4; lastKnownFileType = sourcecode.c.objc; path = "NSString+MD5.m"; sourceTree = "<group>"; };
		D619AE571A7728990001CC97 /* PathUtil.h */ = {isa = PBXFileReference; fileEncoding = 4; lastKnownFileType = sourcecode.c.h; path = PathUtil.h; sourceTree = "<group>"; };
		D619AE581A7728990001CC97 /* PathUtil.m */ = {isa = PBXFileReference; fileEncoding = 4; lastKnownFileType = sourcecode.c.objc; path = PathUtil.m; sourceTree = "<group>"; };
		D619AE591A7728990001CC97 /* UIImage+Color.h */ = {isa = PBXFileReference; fileEncoding = 4; lastKnownFileType = sourcecode.c.h; path = "UIImage+Color.h"; sourceTree = "<group>"; };
		D619AE5A1A7728990001CC97 /* UIImage+Color.m */ = {isa = PBXFileReference; fileEncoding = 4; lastKnownFileType = sourcecode.c.objc; path = "UIImage+Color.m"; sourceTree = "<group>"; };
		D619AE5B1A7728990001CC97 /* UIView+Frame.h */ = {isa = PBXFileReference; fileEncoding = 4; lastKnownFileType = sourcecode.c.h; path = "UIView+Frame.h"; sourceTree = "<group>"; };
		D619AE5C1A7728990001CC97 /* UIView+Frame.m */ = {isa = PBXFileReference; fileEncoding = 4; lastKnownFileType = sourcecode.c.objc; path = "UIView+Frame.m"; sourceTree = "<group>"; };
		D619AE5D1A7728990001CC97 /* UIView+MGBadgeView.h */ = {isa = PBXFileReference; fileEncoding = 4; lastKnownFileType = sourcecode.c.h; path = "UIView+MGBadgeView.h"; sourceTree = "<group>"; };
		D619AE5E1A7728990001CC97 /* UIView+MGBadgeView.m */ = {isa = PBXFileReference; fileEncoding = 4; lastKnownFileType = sourcecode.c.objc; path = "UIView+MGBadgeView.m"; sourceTree = "<group>"; };
		D619AE611A7728990001CC97 /* UIViewController+DismissKeyboard.h */ = {isa = PBXFileReference; fileEncoding = 4; lastKnownFileType = sourcecode.c.h; path = "UIViewController+DismissKeyboard.h"; sourceTree = "<group>"; };
		D619AE621A7728990001CC97 /* UIViewController+DismissKeyboard.m */ = {isa = PBXFileReference; fileEncoding = 4; lastKnownFileType = sourcecode.c.objc; path = "UIViewController+DismissKeyboard.m"; sourceTree = "<group>"; };
		D619AE711A77291E0001CC97 /* HTTPResponse.h */ = {isa = PBXFileReference; fileEncoding = 4; lastKnownFileType = sourcecode.c.h; path = HTTPResponse.h; sourceTree = "<group>"; };
		D619AE741A7729A60001CC97 /* Config.h */ = {isa = PBXFileReference; fileEncoding = 4; lastKnownFileType = sourcecode.c.h; path = Config.h; sourceTree = "<group>"; };
		D619AE751A772AAD0001CC97 /* AppUtil.h */ = {isa = PBXFileReference; fileEncoding = 4; lastKnownFileType = sourcecode.c.h; path = AppUtil.h; sourceTree = "<group>"; };
		D619AE761A772AAD0001CC97 /* AppUtil.m */ = {isa = PBXFileReference; fileEncoding = 4; lastKnownFileType = sourcecode.c.objc; path = AppUtil.m; sourceTree = "<group>"; };
		D619AE781A772BA90001CC97 /* PropertiesManager.h */ = {isa = PBXFileReference; fileEncoding = 4; lastKnownFileType = sourcecode.c.h; path = PropertiesManager.h; sourceTree = "<group>"; };
		D619AE791A772BA90001CC97 /* PropertiesManager.m */ = {isa = PBXFileReference; fileEncoding = 4; lastKnownFileType = sourcecode.c.objc; path = PropertiesManager.m; sourceTree = "<group>"; };
		D619AE7B1A772C3D0001CC97 /* HTTPResponse.m */ = {isa = PBXFileReference; fileEncoding = 4; lastKnownFileType = sourcecode.c.objc; path = HTTPResponse.m; sourceTree = "<group>"; };
		D61E33B11A78D7DE00105117 /* UIViewController+AbnormalDisplay.h */ = {isa = PBXFileReference; fileEncoding = 4; lastKnownFileType = sourcecode.c.h; name = "UIViewController+AbnormalDisplay.h"; path = "../UIViewController+AbnormalDisplay.h"; sourceTree = "<group>"; };
		D61E33B21A78D7DE00105117 /* UIViewController+AbnormalDisplay.m */ = {isa = PBXFileReference; fileEncoding = 4; lastKnownFileType = sourcecode.c.objc; name = "UIViewController+AbnormalDisplay.m"; path = "../UIViewController+AbnormalDisplay.m"; sourceTree = "<group>"; };
		D63ADF1B1A413007009CA874 /* RuntimeDemoOneViewController.h */ = {isa = PBXFileReference; fileEncoding = 4; lastKnownFileType = sourcecode.c.h; path = RuntimeDemoOneViewController.h; sourceTree = "<group>"; };
		D63ADF1C1A413007009CA874 /* RuntimeDemoOneViewController.m */ = {isa = PBXFileReference; fileEncoding = 4; lastKnownFileType = sourcecode.c.objc; path = RuntimeDemoOneViewController.m; sourceTree = "<group>"; };
		D63ADF1E1A415B74009CA874 /* RuntimeDemoTwoViewController.h */ = {isa = PBXFileReference; fileEncoding = 4; lastKnownFileType = sourcecode.c.h; path = RuntimeDemoTwoViewController.h; sourceTree = "<group>"; };
		D63ADF1F1A415B74009CA874 /* RuntimeDemoTwoViewController.m */ = {isa = PBXFileReference; fileEncoding = 4; lastKnownFileType = sourcecode.c.objc; path = RuntimeDemoTwoViewController.m; sourceTree = "<group>"; };
		D63ADF211A416B8E009CA874 /* RuntimeDemoThreeViewController.h */ = {isa = PBXFileReference; fileEncoding = 4; lastKnownFileType = sourcecode.c.h; path = RuntimeDemoThreeViewController.h; sourceTree = "<group>"; };
		D63ADF221A416B8E009CA874 /* RuntimeDemoThreeViewController.m */ = {isa = PBXFileReference; fileEncoding = 4; lastKnownFileType = sourcecode.c.objc; path = RuntimeDemoThreeViewController.m; sourceTree = "<group>"; };
		D63ADF241A416EF9009CA874 /* NSObject+AutoEncodeDecode.h */ = {isa = PBXFileReference; fileEncoding = 4; lastKnownFileType = sourcecode.c.h; name = "NSObject+AutoEncodeDecode.h"; path = "../NSObject+AutoEncodeDecode.h"; sourceTree = "<group>"; };
		D63ADF251A416EF9009CA874 /* NSObject+AutoEncodeDecode.m */ = {isa = PBXFileReference; fileEncoding = 4; lastKnownFileType = sourcecode.c.objc; name = "NSObject+AutoEncodeDecode.m"; path = "../NSObject+AutoEncodeDecode.m"; sourceTree = "<group>"; };
		D63ADF371A41879A009CA874 /* TestArrayOrderViewController.h */ = {isa = PBXFileReference; fileEncoding = 4; lastKnownFileType = sourcecode.c.h; path = TestArrayOrderViewController.h; sourceTree = "<group>"; };
		D63ADF381A41879A009CA874 /* TestArrayOrderViewController.m */ = {isa = PBXFileReference; fileEncoding = 4; lastKnownFileType = sourcecode.c.objc; path = TestArrayOrderViewController.m; sourceTree = "<group>"; };
		D6422CBF1A397E85000D9759 /* TraningTarget-iOS.app */ = {isa = PBXFileReference; explicitFileType = wrapper.application; includeInIndex = 0; path = "TraningTarget-iOS.app"; sourceTree = BUILT_PRODUCTS_DIR; };
		D6422CC31A397E85000D9759 /* Info.plist */ = {isa = PBXFileReference; lastKnownFileType = text.plist.xml; path = Info.plist; sourceTree = "<group>"; };
		D6422CC41A397E85000D9759 /* main.m */ = {isa = PBXFileReference; lastKnownFileType = sourcecode.c.objc; path = main.m; sourceTree = "<group>"; };
		D6422CC61A397E85000D9759 /* AppDelegate.h */ = {isa = PBXFileReference; lastKnownFileType = sourcecode.c.h; path = AppDelegate.h; sourceTree = "<group>"; };
		D6422CC71A397E85000D9759 /* AppDelegate.m */ = {isa = PBXFileReference; lastKnownFileType = sourcecode.c.objc; path = AppDelegate.m; sourceTree = "<group>"; };
		D6422CC91A397E85000D9759 /* RootViewController.h */ = {isa = PBXFileReference; lastKnownFileType = sourcecode.c.h; path = RootViewController.h; sourceTree = "<group>"; };
		D6422CCA1A397E85000D9759 /* RootViewController.m */ = {isa = PBXFileReference; lastKnownFileType = sourcecode.c.objc; path = RootViewController.m; sourceTree = "<group>"; };
		D6422CCD1A397E85000D9759 /* Base */ = {isa = PBXFileReference; lastKnownFileType = file.storyboard; name = Base; path = Base.lproj/Main.storyboard; sourceTree = "<group>"; };
		D6422CCF1A397E85000D9759 /* Images.xcassets */ = {isa = PBXFileReference; lastKnownFileType = folder.assetcatalog; path = Images.xcassets; sourceTree = "<group>"; };
		D6422CD21A397E85000D9759 /* Base */ = {isa = PBXFileReference; lastKnownFileType = file.xib; name = Base; path = Base.lproj/LaunchScreen.xib; sourceTree = "<group>"; };
		D6422CD81A397E85000D9759 /* TraningTarget-iOSTests.xctest */ = {isa = PBXFileReference; explicitFileType = wrapper.cfbundle; includeInIndex = 0; path = "TraningTarget-iOSTests.xctest"; sourceTree = BUILT_PRODUCTS_DIR; };
		D6422CDD1A397E85000D9759 /* Info.plist */ = {isa = PBXFileReference; lastKnownFileType = text.plist.xml; path = Info.plist; sourceTree = "<group>"; };
		D6422CDE1A397E85000D9759 /* TraningTarget_iOSTests.m */ = {isa = PBXFileReference; lastKnownFileType = sourcecode.c.objc; path = TraningTarget_iOSTests.m; sourceTree = "<group>"; };
		D6422CEB1A3990D4000D9759 /* RuntimeMsgForWarding.h */ = {isa = PBXFileReference; fileEncoding = 4; lastKnownFileType = sourcecode.c.h; path = RuntimeMsgForWarding.h; sourceTree = "<group>"; };
		D6422CEC1A3990D4000D9759 /* RuntimeMsgForWarding.m */ = {isa = PBXFileReference; fileEncoding = 4; lastKnownFileType = sourcecode.c.objc; path = RuntimeMsgForWarding.m; sourceTree = "<group>"; };
		D6422CEE1A399587000D9759 /* ClassSet.h */ = {isa = PBXFileReference; fileEncoding = 4; lastKnownFileType = sourcecode.c.h; path = ClassSet.h; sourceTree = "<group>"; };
		D6422CEF1A399587000D9759 /* ClassSet.m */ = {isa = PBXFileReference; fileEncoding = 4; lastKnownFileType = sourcecode.c.objc; path = ClassSet.m; sourceTree = "<group>"; };
		D6422CF41A3996D5000D9759 /* BaseViewController.h */ = {isa = PBXFileReference; fileEncoding = 4; lastKnownFileType = sourcecode.c.h; path = BaseViewController.h; sourceTree = "<group>"; };
		D6422CF51A3996D5000D9759 /* BaseViewController.m */ = {isa = PBXFileReference; fileEncoding = 4; lastKnownFileType = sourcecode.c.objc; path = BaseViewController.m; sourceTree = "<group>"; };
		D6422CF71A399798000D9759 /* ClassItem.h */ = {isa = PBXFileReference; fileEncoding = 4; lastKnownFileType = sourcecode.c.h; path = ClassItem.h; sourceTree = "<group>"; };
		D6422CF81A399798000D9759 /* ClassItem.m */ = {isa = PBXFileReference; fileEncoding = 4; lastKnownFileType = sourcecode.c.objc; path = ClassItem.m; sourceTree = "<group>"; };
		D6492A6A1A8855B3007FC85C /* RotateImageViewController.h */ = {isa = PBXFileReference; fileEncoding = 4; lastKnownFileType = sourcecode.c.h; path = RotateImageViewController.h; sourceTree = "<group>"; };
		D6492A6B1A8855B3007FC85C /* RotateImageViewController.m */ = {isa = PBXFileReference; fileEncoding = 4; lastKnownFileType = sourcecode.c.objc; path = RotateImageViewController.m; sourceTree = "<group>"; };
		D6492A6D1A885614007FC85C /* rotate.jpg */ = {isa = PBXFileReference; lastKnownFileType = image.jpeg; path = rotate.jpg; sourceTree = "<group>"; };
		D656864F1A441BD400576E94 /* CoreGarphicsDemoViewController.h */ = {isa = PBXFileReference; fileEncoding = 4; lastKnownFileType = sourcecode.c.h; path = CoreGarphicsDemoViewController.h; sourceTree = "<group>"; };
		D65686501A441BD400576E94 /* CoreGarphicsDemoViewController.m */ = {isa = PBXFileReference; fileEncoding = 4; lastKnownFileType = sourcecode.c.objc; path = CoreGarphicsDemoViewController.m; sourceTree = "<group>"; };
		D65AD0BD1A3EC6AA00D6E193 /* EmptyClass.h */ = {isa = PBXFileReference; fileEncoding = 4; lastKnownFileType = sourcecode.c.h; path = EmptyClass.h; sourceTree = "<group>"; };
		D65AD0BE1A3EC6AA00D6E193 /* EmptyClass.m */ = {isa = PBXFileReference; fileEncoding = 4; lastKnownFileType = sourcecode.c.objc; path = EmptyClass.m; sourceTree = "<group>"; };
		D65CC5FB1A78CC4E003AD059 /* TipTestViewController.h */ = {isa = PBXFileReference; fileEncoding = 4; lastKnownFileType = sourcecode.c.h; path = TipTestViewController.h; sourceTree = "<group>"; };
		D65CC5FC1A78CC4E003AD059 /* TipTestViewController.m */ = {isa = PBXFileReference; fileEncoding = 4; lastKnownFileType = sourcecode.c.objc; path = TipTestViewController.m; sourceTree = "<group>"; };
		D65DDE651A885911005F3AB5 /* UIImage+Rotate.h */ = {isa = PBXFileReference; fileEncoding = 4; lastKnownFileType = sourcecode.c.h; path = "UIImage+Rotate.h"; sourceTree = "<group>"; };
		D65DDE661A885911005F3AB5 /* UIImage+Rotate.m */ = {isa = PBXFileReference; fileEncoding = 4; lastKnownFileType = sourcecode.c.objc; path = "UIImage+Rotate.m"; sourceTree = "<group>"; };
		D674FDD01A81F2DC00CAE789 /* MyRequestProtocol.h */ = {isa = PBXFileReference; fileEncoding = 4; lastKnownFileType = sourcecode.c.h; path = MyRequestProtocol.h; sourceTree = "<group>"; };
		D674FDD11A81F2DC00CAE789 /* MyRequestProtocol.m */ = {isa = PBXFileReference; fileEncoding = 4; lastKnownFileType = sourcecode.c.objc; path = MyRequestProtocol.m; sourceTree = "<group>"; };
		D68411851A5CCA560078A807 /* test.png */ = {isa = PBXFileReference; lastKnownFileType = image.png; path = test.png; sourceTree = "<group>"; };
		D6A9E76B1A49021F001448C0 /* QuartzView.h */ = {isa = PBXFileReference; fileEncoding = 4; lastKnownFileType = sourcecode.c.h; path = QuartzView.h; sourceTree = "<group>"; };
		D6A9E76C1A49021F001448C0 /* QuartzView.m */ = {isa = PBXFileReference; fileEncoding = 4; lastKnownFileType = sourcecode.c.objc; path = QuartzView.m; sourceTree = "<group>"; };
		D6B90B0A1AA03FBA00B8A080 /* AssetsLibraryViewController.h */ = {isa = PBXFileReference; fileEncoding = 4; lastKnownFileType = sourcecode.c.h; path = AssetsLibraryViewController.h; sourceTree = "<group>"; };
		D6B90B0B1AA03FBA00B8A080 /* AssetsLibraryViewController.m */ = {isa = PBXFileReference; fileEncoding = 4; lastKnownFileType = sourcecode.c.objc; path = AssetsLibraryViewController.m; sourceTree = "<group>"; };
		D6B90B0D1AA03FCE00B8A080 /* AssetsLibrary.framework */ = {isa = PBXFileReference; lastKnownFileType = wrapper.framework; name = AssetsLibrary.framework; path = System/Library/Frameworks/AssetsLibrary.framework; sourceTree = SDKROOT; };
		D6B90B0F1AA05CA500B8A080 /* PictureObject.h */ = {isa = PBXFileReference; fileEncoding = 4; lastKnownFileType = sourcecode.c.h; path = PictureObject.h; sourceTree = "<group>"; };
		D6B90B101AA05CA500B8A080 /* PictureObject.m */ = {isa = PBXFileReference; fileEncoding = 4; lastKnownFileType = sourcecode.c.objc; path = PictureObject.m; sourceTree = "<group>"; };
		D6B90B211AA411A400B8A080 /* dispatch_group_tAndNotificationViewController.h */ = {isa = PBXFileReference; fileEncoding = 4; lastKnownFileType = sourcecode.c.h; path = dispatch_group_tAndNotificationViewController.h; sourceTree = "<group>"; };
		D6B90B221AA411A400B8A080 /* dispatch_group_tAndNotificationViewController.m */ = {isa = PBXFileReference; fileEncoding = 4; lastKnownFileType = sourcecode.c.objc; path = dispatch_group_tAndNotificationViewController.m; sourceTree = "<group>"; };
		D6C3BDF01A58D5B300E0D405 /* CoreAnimationDemoViewController.h */ = {isa = PBXFileReference; fileEncoding = 4; lastKnownFileType = sourcecode.c.h; path = CoreAnimationDemoViewController.h; sourceTree = "<group>"; };
		D6C3BDF11A58D5B300E0D405 /* CoreAnimationDemoViewController.m */ = {isa = PBXFileReference; fileEncoding = 4; lastKnownFileType = sourcecode.c.objc; path = CoreAnimationDemoViewController.m; sourceTree = "<group>"; };
		D6C3BDF31A58D60000E0D405 /* QuartzCore.framework */ = {isa = PBXFileReference; lastKnownFileType = wrapper.framework; name = QuartzCore.framework; path = System/Library/Frameworks/QuartzCore.framework; sourceTree = SDKROOT; };
		D6C3BDF51A591EE400E0D405 /* CoreAnimationDemoTwoViewController.h */ = {isa = PBXFileReference; fileEncoding = 4; lastKnownFileType = sourcecode.c.h; path = CoreAnimationDemoTwoViewController.h; sourceTree = "<group>"; };
		D6C3BDF61A591EE400E0D405 /* CoreAnimationDemoTwoViewController.m */ = {isa = PBXFileReference; fileEncoding = 4; lastKnownFileType = sourcecode.c.objc; path = CoreAnimationDemoTwoViewController.m; sourceTree = "<group>"; };
		D6C3BDF81A5940B500E0D405 /* fire.png */ = {isa = PBXFileReference; lastKnownFileType = image.png; path = fire.png; sourceTree = "<group>"; };
		D6D0EAC41A5A2D6F005C3A5D /* CoreAnimationExplicitCA.h */ = {isa = PBXFileReference; fileEncoding = 4; lastKnownFileType = sourcecode.c.h; path = CoreAnimationExplicitCA.h; sourceTree = "<group>"; };
		D6D0EAC51A5A2D6F005C3A5D /* CoreAnimationExplicitCA.m */ = {isa = PBXFileReference; fileEncoding = 4; lastKnownFileType = sourcecode.c.objc; path = CoreAnimationExplicitCA.m; sourceTree = "<group>"; };
		D6D0EAC71A5A4477005C3A5D /* car.png */ = {isa = PBXFileReference; lastKnownFileType = image.png; path = car.png; sourceTree = "<group>"; };
		D6D0EAC91A5A6264005C3A5D /* CoreAnimationCAMediaTiming.h */ = {isa = PBXFileReference; fileEncoding = 4; lastKnownFileType = sourcecode.c.h; path = CoreAnimationCAMediaTiming.h; sourceTree = "<group>"; };
		D6D0EACA1A5A6264005C3A5D /* CoreAnimationCAMediaTiming.m */ = {isa = PBXFileReference; fileEncoding = 4; lastKnownFileType = sourcecode.c.objc; path = CoreAnimationCAMediaTiming.m; sourceTree = "<group>"; };
		D6D0EACC1A5A64FE005C3A5D /* door.png */ = {isa = PBXFileReference; lastKnownFileType = image.png; path = door.png; sourceTree = "<group>"; };
		D6D0EACE1A5A7386005C3A5D /* CoreAnimationCAMediaTimingFunction.h */ = {isa = PBXFileReference; fileEncoding = 4; lastKnownFileType = sourcecode.c.h; path = CoreAnimationCAMediaTimingFunction.h; sourceTree = "<group>"; };
		D6D0EACF1A5A7386005C3A5D /* CoreAnimationCAMediaTimingFunction.m */ = {isa = PBXFileReference; fileEncoding = 4; lastKnownFileType = sourcecode.c.objc; path = CoreAnimationCAMediaTimingFunction.m; sourceTree = "<group>"; };
		D6D0EAD11A5A7823005C3A5D /* qq.png */ = {isa = PBXFileReference; lastKnownFileType = image.png; path = qq.png; sourceTree = "<group>"; };
		D6D0EAD31A5A9533005C3A5D /* CoreAnimationCANiubilty.h */ = {isa = PBXFileReference; fileEncoding = 4; lastKnownFileType = sourcecode.c.h; path = CoreAnimationCANiubilty.h; sourceTree = "<group>"; };
		D6D0EAD41A5A9533005C3A5D /* CoreAnimationCANiubilty.m */ = {isa = PBXFileReference; fileEncoding = 4; lastKnownFileType = sourcecode.c.objc; path = CoreAnimationCANiubilty.m; sourceTree = "<group>"; };
		D6D0EAD61A5B84F8005C3A5D /* CAShapeLayerDrawing.h */ = {isa = PBXFileReference; fileEncoding = 4; lastKnownFileType = sourcecode.c.h; path = CAShapeLayerDrawing.h; sourceTree = "<group>"; };
		D6D0EAD71A5B84F8005C3A5D /* CAShapeLayerDrawing.m */ = {isa = PBXFileReference; fileEncoding = 4; lastKnownFileType = sourcecode.c.objc; path = CAShapeLayerDrawing.m; sourceTree = "<group>"; };
		D6D0EAD91A5B896F005C3A5D /* DrawingView.h */ = {isa = PBXFileReference; fileEncoding = 4; lastKnownFileType = sourcecode.c.h; path = DrawingView.h; sourceTree = "<group>"; };
		D6D0EADA1A5B896F005C3A5D /* DrawingView.m */ = {isa = PBXFileReference; fileEncoding = 4; lastKnownFileType = sourcecode.c.objc; path = DrawingView.m; sourceTree = "<group>"; };
		D6D943871A3AB7C800898FA3 /* MsgForWardingDemo.h */ = {isa = PBXFileReference; fileEncoding = 4; lastKnownFileType = sourcecode.c.h; path = MsgForWardingDemo.h; sourceTree = "<group>"; };
		D6D943881A3AB7C800898FA3 /* MsgForWardingDemo.m */ = {isa = PBXFileReference; fileEncoding = 4; lastKnownFileType = sourcecode.c.objc; path = MsgForWardingDemo.m; sourceTree = "<group>"; };
		D6D9438E1A3AC7E900898FA3 /* RuntimePropertyAndFunction.h */ = {isa = PBXFileReference; fileEncoding = 4; lastKnownFileType = sourcecode.c.h; path = RuntimePropertyAndFunction.h; sourceTree = "<group>"; };
		D6D9438F1A3AC7E900898FA3 /* RuntimePropertyAndFunction.m */ = {isa = PBXFileReference; fileEncoding = 4; lastKnownFileType = sourcecode.c.objc; path = RuntimePropertyAndFunction.m; sourceTree = "<group>"; };
		D6D943921A3AE19B00898FA3 /* RuntimeDynamicMethodResolutionAndDynamicLoading.h */ = {isa = PBXFileReference; fileEncoding = 4; lastKnownFileType = sourcecode.c.h; path = RuntimeDynamicMethodResolutionAndDynamicLoading.h; sourceTree = "<group>"; };
		D6D943931A3AE19B00898FA3 /* RuntimeDynamicMethodResolutionAndDynamicLoading.m */ = {isa = PBXFileReference; fileEncoding = 4; lastKnownFileType = sourcecode.c.objc; path = RuntimeDynamicMethodResolutionAndDynamicLoading.m; sourceTree = "<group>"; };
		D6EA5CF51AA598FA00BA68D4 /* ZXingOBJCViewController.h */ = {isa = PBXFileReference; fileEncoding = 4; lastKnownFileType = sourcecode.c.h; path = ZXingOBJCViewController.h; sourceTree = "<group>"; };
		D6EA5CF61AA598FA00BA68D4 /* ZXingOBJCViewController.m */ = {isa = PBXFileReference; fileEncoding = 4; lastKnownFileType = sourcecode.c.objc; path = ZXingOBJCViewController.m; sourceTree = "<group>"; };
		D6EA5CF81AA59A1800BA68D4 /* barcode.png */ = {isa = PBXFileReference; lastKnownFileType = image.png; path = barcode.png; sourceTree = "<group>"; };
		D6EADF6F1A4952AB00D46981 /* ImageAndTiling.h */ = {isa = PBXFileReference; fileEncoding = 4; lastKnownFileType = sourcecode.c.h; path = ImageAndTiling.h; sourceTree = "<group>"; };
		D6EADF701A4952AB00D46981 /* ImageAndTiling.m */ = {isa = PBXFileReference; fileEncoding = 4; lastKnownFileType = sourcecode.c.objc; path = ImageAndTiling.m; sourceTree = "<group>"; };
		D6EADF721A49551000D46981 /* demo.png */ = {isa = PBXFileReference; lastKnownFileType = image.png; path = demo.png; sourceTree = "<group>"; };
		D6EADF741A49646F00D46981 /* Pattern.h */ = {isa = PBXFileReference; fileEncoding = 4; lastKnownFileType = sourcecode.c.h; path = Pattern.h; sourceTree = "<group>"; };
		D6EADF751A49646F00D46981 /* Pattern.m */ = {isa = PBXFileReference; fileEncoding = 4; lastKnownFileType = sourcecode.c.objc; path = Pattern.m; sourceTree = "<group>"; };
		D6EADF771A496B5200D46981 /* Gradient.h */ = {isa = PBXFileReference; fileEncoding = 4; lastKnownFileType = sourcecode.c.h; path = Gradient.h; sourceTree = "<group>"; };
		D6EADF781A496B5200D46981 /* Gradient.m */ = {isa = PBXFileReference; fileEncoding = 4; lastKnownFileType = sourcecode.c.objc; path = Gradient.m; sourceTree = "<group>"; };
		D6EADF7A1A4A528F00D46981 /* Clipping.h */ = {isa = PBXFileReference; fileEncoding = 4; lastKnownFileType = sourcecode.c.h; path = Clipping.h; sourceTree = "<group>"; };
		D6EADF7B1A4A528F00D46981 /* Clipping.m */ = {isa = PBXFileReference; fileEncoding = 4; lastKnownFileType = sourcecode.c.objc; path = Clipping.m; sourceTree = "<group>"; };
		D6EADF7D1A4A530400D46981 /* Ship.png */ = {isa = PBXFileReference; lastKnownFileType = image.png; path = Ship.png; sourceTree = "<group>"; };
		D6EADF821A4A5A8400D46981 /* Mask.h */ = {isa = PBXFileReference; fileEncoding = 4; lastKnownFileType = sourcecode.c.h; path = Mask.h; sourceTree = "<group>"; };
		D6EADF831A4A5A8400D46981 /* Mask.m */ = {isa = PBXFileReference; fileEncoding = 4; lastKnownFileType = sourcecode.c.objc; path = Mask.m; sourceTree = "<group>"; };
		D6EADF891A4AA42500D46981 /* UIViewController+HUD.h */ = {isa = PBXFileReference; fileEncoding = 4; lastKnownFileType = sourcecode.c.h; name = "UIViewController+HUD.h"; path = "../UIViewController+HUD.h"; sourceTree = "<group>"; };
		D6EADF8A1A4AA42600D46981 /* UIViewController+HUD.m */ = {isa = PBXFileReference; fileEncoding = 4; lastKnownFileType = sourcecode.c.objc; name = "UIViewController+HUD.m"; path = "../UIViewController+HUD.m"; sourceTree = "<group>"; };
		D6EADF8C1A4AA45400D46981 /* CategoryViewController.h */ = {isa = PBXFileReference; fileEncoding = 4; lastKnownFileType = sourcecode.c.h; path = CategoryViewController.h; sourceTree = "<group>"; };
		D6EADF8D1A4AA45400D46981 /* CategoryViewController.m */ = {isa = PBXFileReference; fileEncoding = 4; lastKnownFileType = sourcecode.c.objc; path = CategoryViewController.m; sourceTree = "<group>"; };
		D6F2254C1A400B0E00E3FCB2 /* TestCustomAlertViewController.h */ = {isa = PBXFileReference; fileEncoding = 4; lastKnownFileType = sourcecode.c.h; path = TestCustomAlertViewController.h; sourceTree = "<group>"; };
		D6F2254D1A400B0E00E3FCB2 /* TestCustomAlertViewController.m */ = {isa = PBXFileReference; fileEncoding = 4; lastKnownFileType = sourcecode.c.objc; path = TestCustomAlertViewController.m; sourceTree = "<group>"; };
		D6F225511A40138000E3FCB2 /* JKUpdateAlertView.h */ = {isa = PBXFileReference; fileEncoding = 4; lastKnownFileType = sourcecode.c.h; path = JKUpdateAlertView.h; sourceTree = "<group>"; };
		D6F225521A40138000E3FCB2 /* JKUpdateAlertView.m */ = {isa = PBXFileReference; fileEncoding = 4; lastKnownFileType = sourcecode.c.objc; path = JKUpdateAlertView.m; sourceTree = "<group>"; };
		D6F2255A1A41174000E3FCB2 /* TestRemoveViewTestController.h */ = {isa = PBXFileReference; fileEncoding = 4; lastKnownFileType = sourcecode.c.h; path = TestRemoveViewTestController.h; sourceTree = "<group>"; };
		D6F2255B1A41174000E3FCB2 /* TestRemoveViewTestController.m */ = {isa = PBXFileReference; fileEncoding = 4; lastKnownFileType = sourcecode.c.objc; path = TestRemoveViewTestController.m; sourceTree = "<group>"; };
		D6F307A11A6CDE0C008546F2 /* UIImage+UIImageExtras.h */ = {isa = PBXFileReference; fileEncoding = 4; lastKnownFileType = sourcecode.c.h; name = "UIImage+UIImageExtras.h"; path = "../UIImage+UIImageExtras.h"; sourceTree = "<group>"; };
		D6F307A21A6CDE0C008546F2 /* UIImage+UIImageExtras.m */ = {isa = PBXFileReference; fileEncoding = 4; lastKnownFileType = sourcecode.c.objc; name = "UIImage+UIImageExtras.m"; path = "../UIImage+UIImageExtras.m"; sourceTree = "<group>"; };
/* End PBXFileReference section */

/* Begin PBXFrameworksBuildPhase section */
		D6422CBC1A397E85000D9759 /* Frameworks */ = {
			isa = PBXFrameworksBuildPhase;
			buildActionMask = 2147483647;
			files = (
				D6B90B0E1AA03FCE00B8A080 /* AssetsLibrary.framework in Frameworks */,
				D6C3BDF41A58D60000E0D405 /* QuartzCore.framework in Frameworks */,
				F814BB409CFB202F26CDEBDD /* libPods.a in Frameworks */,
			);
			runOnlyForDeploymentPostprocessing = 0;
		};
		D6422CD51A397E85000D9759 /* Frameworks */ = {
			isa = PBXFrameworksBuildPhase;
			buildActionMask = 2147483647;
			files = (
			);
			runOnlyForDeploymentPostprocessing = 0;
		};
/* End PBXFrameworksBuildPhase section */

/* Begin PBXGroup section */
		6D709942428F10FABCDDE23E /* Pods */ = {
			isa = PBXGroup;
			children = (
				5310E391BEB252286D0FDC14 /* Pods.debug.xcconfig */,
				9E51B3FDA7BC7E8AF676D062 /* Pods.release.xcconfig */,
			);
			name = Pods;
			sourceTree = "<group>";
		};
		CED1B52E55DE5C890D53F36C /* Frameworks */ = {
			isa = PBXGroup;
			children = (
				D6B90B0D1AA03FCE00B8A080 /* AssetsLibrary.framework */,
				D6C3BDF31A58D60000E0D405 /* QuartzCore.framework */,
				32E9A4D9DB94E1EC8F2C4F93 /* libPods.a */,
			);
			name = Frameworks;
			sourceTree = "<group>";
		};
		D619AE4B1A7728990001CC97 /* Toolkit */ = {
			isa = PBXGroup;
			children = (
				D63ADF241A416EF9009CA874 /* NSObject+AutoEncodeDecode.h */,
				D63ADF251A416EF9009CA874 /* NSObject+AutoEncodeDecode.m */,
				D6EADF891A4AA42500D46981 /* UIViewController+HUD.h */,
				D6EADF8A1A4AA42600D46981 /* UIViewController+HUD.m */,
				D6F307A11A6CDE0C008546F2 /* UIImage+UIImageExtras.h */,
				D6F307A21A6CDE0C008546F2 /* UIImage+UIImageExtras.m */,
				D61E33B11A78D7DE00105117 /* UIViewController+AbnormalDisplay.h */,
				D61E33B21A78D7DE00105117 /* UIViewController+AbnormalDisplay.m */,
				D619AE741A7729A60001CC97 /* Config.h */,
				D619AE4E1A7728990001CC97 /* DebugUtil.h */,
				D619AE4F1A7728990001CC97 /* DebugUtil.m */,
				D619AE501A7728990001CC97 /* JSONUtil.h */,
				D619AE511A7728990001CC97 /* JSONUtil.m */,
				D619AE751A772AAD0001CC97 /* AppUtil.h */,
				D619AE761A772AAD0001CC97 /* AppUtil.m */,
				D619AE521A7728990001CC97 /* Macros.h */,
				D619AE531A7728990001CC97 /* NSDate+Utilities.h */,
				D619AE541A7728990001CC97 /* NSDate+Utilities.m */,
				D619AE551A7728990001CC97 /* NSString+MD5.h */,
				D619AE561A7728990001CC97 /* NSString+MD5.m */,
				D619AE571A7728990001CC97 /* PathUtil.h */,
				D619AE581A7728990001CC97 /* PathUtil.m */,
				D619AE591A7728990001CC97 /* UIImage+Color.h */,
				D619AE5A1A7728990001CC97 /* UIImage+Color.m */,
				D619AE5B1A7728990001CC97 /* UIView+Frame.h */,
				D619AE5C1A7728990001CC97 /* UIView+Frame.m */,
				D619AE5D1A7728990001CC97 /* UIView+MGBadgeView.h */,
				D619AE5E1A7728990001CC97 /* UIView+MGBadgeView.m */,
				D619AE611A7728990001CC97 /* UIViewController+DismissKeyboard.h */,
				D619AE621A7728990001CC97 /* UIViewController+DismissKeyboard.m */,
				D65DDE651A885911005F3AB5 /* UIImage+Rotate.h */,
				D65DDE661A885911005F3AB5 /* UIImage+Rotate.m */,
			);
			path = Toolkit;
			sourceTree = "<group>";
		};
		D6422CB61A397E85000D9759 = {
			isa = PBXGroup;
			children = (
				D6422CC11A397E85000D9759 /* TraningTarget-iOS */,
				D6422CDB1A397E85000D9759 /* TraningTarget-iOSTests */,
				D6422CC01A397E85000D9759 /* Products */,
				6D709942428F10FABCDDE23E /* Pods */,
				CED1B52E55DE5C890D53F36C /* Frameworks */,
			);
			sourceTree = "<group>";
		};
		D6422CC01A397E85000D9759 /* Products */ = {
			isa = PBXGroup;
			children = (
				D6422CBF1A397E85000D9759 /* TraningTarget-iOS.app */,
				D6422CD81A397E85000D9759 /* TraningTarget-iOSTests.xctest */,
			);
			name = Products;
			sourceTree = "<group>";
		};
		D6422CC11A397E85000D9759 /* TraningTarget-iOS */ = {
			isa = PBXGroup;
			children = (
				D6422CC61A397E85000D9759 /* AppDelegate.h */,
				D6422CC71A397E85000D9759 /* AppDelegate.m */,
				D6F225501A400DCF00E3FCB2 /* View */,
				D6D9438B1A3ABD0600898FA3 /* Controller */,
				D6D9438C1A3ABD2900898FA3 /* Handle */,
				D6422CCC1A397E85000D9759 /* Main.storyboard */,
				D6422CCF1A397E85000D9759 /* Images.xcassets */,
				D6422CD11A397E85000D9759 /* LaunchScreen.xib */,
				D6422CC21A397E85000D9759 /* Supporting Files */,
			);
			path = "TraningTarget-iOS";
			sourceTree = "<group>";
		};
		D6422CC21A397E85000D9759 /* Supporting Files */ = {
			isa = PBXGroup;
			children = (
				D6EA5CF81AA59A1800BA68D4 /* barcode.png */,
				D6422CC31A397E85000D9759 /* Info.plist */,
				D6422CC41A397E85000D9759 /* main.m */,
				D68411851A5CCA560078A807 /* test.png */,
				D6492A6D1A885614007FC85C /* rotate.jpg */,
				D6EADF721A49551000D46981 /* demo.png */,
				D6EADF7D1A4A530400D46981 /* Ship.png */,
				D6C3BDF81A5940B500E0D405 /* fire.png */,
				D6D0EAC71A5A4477005C3A5D /* car.png */,
				D6D0EAD11A5A7823005C3A5D /* qq.png */,
				D6D0EACC1A5A64FE005C3A5D /* door.png */,
			);
			name = "Supporting Files";
			sourceTree = "<group>";
		};
		D6422CDB1A397E85000D9759 /* TraningTarget-iOSTests */ = {
			isa = PBXGroup;
			children = (
				D6422CDE1A397E85000D9759 /* TraningTarget_iOSTests.m */,
				D6422CDC1A397E85000D9759 /* Supporting Files */,
			);
			path = "TraningTarget-iOSTests";
			sourceTree = "<group>";
		};
		D6422CDC1A397E85000D9759 /* Supporting Files */ = {
			isa = PBXGroup;
			children = (
				D6422CDD1A397E85000D9759 /* Info.plist */,
			);
			name = "Supporting Files";
			sourceTree = "<group>";
		};
		D6D9438B1A3ABD0600898FA3 /* Controller */ = {
			isa = PBXGroup;
			children = (
				D6422CC91A397E85000D9759 /* RootViewController.h */,
				D6422CCA1A397E85000D9759 /* RootViewController.m */,
				D6422CEB1A3990D4000D9759 /* RuntimeMsgForWarding.h */,
				D6422CEC1A3990D4000D9759 /* RuntimeMsgForWarding.m */,
				D6D9438E1A3AC7E900898FA3 /* RuntimePropertyAndFunction.h */,
				D6D9438F1A3AC7E900898FA3 /* RuntimePropertyAndFunction.m */,
				D6D943921A3AE19B00898FA3 /* RuntimeDynamicMethodResolutionAndDynamicLoading.h */,
				D6D943931A3AE19B00898FA3 /* RuntimeDynamicMethodResolutionAndDynamicLoading.m */,
				D6F2254C1A400B0E00E3FCB2 /* TestCustomAlertViewController.h */,
				D6F2254D1A400B0E00E3FCB2 /* TestCustomAlertViewController.m */,
				D6F2255A1A41174000E3FCB2 /* TestRemoveViewTestController.h */,
				D6F2255B1A41174000E3FCB2 /* TestRemoveViewTestController.m */,
				D63ADF1B1A413007009CA874 /* RuntimeDemoOneViewController.h */,
				D63ADF1C1A413007009CA874 /* RuntimeDemoOneViewController.m */,
				D63ADF1E1A415B74009CA874 /* RuntimeDemoTwoViewController.h */,
				D63ADF1F1A415B74009CA874 /* RuntimeDemoTwoViewController.m */,
				D63ADF211A416B8E009CA874 /* RuntimeDemoThreeViewController.h */,
				D63ADF221A416B8E009CA874 /* RuntimeDemoThreeViewController.m */,
				D63ADF371A41879A009CA874 /* TestArrayOrderViewController.h */,
				D63ADF381A41879A009CA874 /* TestArrayOrderViewController.m */,
				D656864F1A441BD400576E94 /* CoreGarphicsDemoViewController.h */,
				D65686501A441BD400576E94 /* CoreGarphicsDemoViewController.m */,
				D6C3BDF01A58D5B300E0D405 /* CoreAnimationDemoViewController.h */,
				D6C3BDF11A58D5B300E0D405 /* CoreAnimationDemoViewController.m */,
				D6C3BDF51A591EE400E0D405 /* CoreAnimationDemoTwoViewController.h */,
				D6C3BDF61A591EE400E0D405 /* CoreAnimationDemoTwoViewController.m */,
				CFEAB5491A597D2B00696D42 /* CoreAnimationImplicitCA.h */,
				CFEAB54A1A597D2B00696D42 /* CoreAnimationImplicitCA.m */,
				D6D0EAC41A5A2D6F005C3A5D /* CoreAnimationExplicitCA.h */,
				D6D0EAC51A5A2D6F005C3A5D /* CoreAnimationExplicitCA.m */,
				D6D0EAC91A5A6264005C3A5D /* CoreAnimationCAMediaTiming.h */,
				D6D0EACA1A5A6264005C3A5D /* CoreAnimationCAMediaTiming.m */,
				D6D0EACE1A5A7386005C3A5D /* CoreAnimationCAMediaTimingFunction.h */,
				D6D0EACF1A5A7386005C3A5D /* CoreAnimationCAMediaTimingFunction.m */,
				D6D0EAD31A5A9533005C3A5D /* CoreAnimationCANiubilty.h */,
				D6D0EAD41A5A9533005C3A5D /* CoreAnimationCANiubilty.m */,
				D6EADF8C1A4AA45400D46981 /* CategoryViewController.h */,
				D6EADF8D1A4AA45400D46981 /* CategoryViewController.m */,
				D619AE441A7725300001CC97 /* AFDemoViewController.h */,
				D619AE451A7725300001CC97 /* AFDemoViewController.m */,
				D65CC5FB1A78CC4E003AD059 /* TipTestViewController.h */,
				D65CC5FC1A78CC4E003AD059 /* TipTestViewController.m */,
				D6492A6A1A8855B3007FC85C /* RotateImageViewController.h */,
				D6492A6B1A8855B3007FC85C /* RotateImageViewController.m */,
				D674FDD01A81F2DC00CAE789 /* MyRequestProtocol.h */,
				D674FDD11A81F2DC00CAE789 /* MyRequestProtocol.m */,
				D6B90B0A1AA03FBA00B8A080 /* AssetsLibraryViewController.h */,
				D6B90B0B1AA03FBA00B8A080 /* AssetsLibraryViewController.m */,
				D6B90B211AA411A400B8A080 /* dispatch_group_tAndNotificationViewController.h */,
				D6B90B221AA411A400B8A080 /* dispatch_group_tAndNotificationViewController.m */,
				D6EA5CF51AA598FA00BA68D4 /* ZXingOBJCViewController.h */,
				D6EA5CF61AA598FA00BA68D4 /* ZXingOBJCViewController.m */,
				D6B90B0F1AA05CA500B8A080 /* PictureObject.h */,
				D6B90B101AA05CA500B8A080 /* PictureObject.m */,
				D619AE471A7727B40001CC97 /* Macros.h */,
			);
			name = Controller;
			sourceTree = "<group>";
		};
		D6D9438C1A3ABD2900898FA3 /* Handle */ = {
			isa = PBXGroup;
			children = (
				D6422CF41A3996D5000D9759 /* BaseViewController.h */,
				D6422CF51A3996D5000D9759 /* BaseViewController.m */,
				D6422CEE1A399587000D9759 /* ClassSet.h */,
				D6422CEF1A399587000D9759 /* ClassSet.m */,
				D6422CF71A399798000D9759 /* ClassItem.h */,
				D6422CF81A399798000D9759 /* ClassItem.m */,
				D6D943871A3AB7C800898FA3 /* MsgForWardingDemo.h */,
				D6D943881A3AB7C800898FA3 /* MsgForWardingDemo.m */,
				D619AE781A772BA90001CC97 /* PropertiesManager.h */,
				D619AE791A772BA90001CC97 /* PropertiesManager.m */,
				D65AD0BD1A3EC6AA00D6E193 /* EmptyClass.h */,
				D65AD0BE1A3EC6AA00D6E193 /* EmptyClass.m */,
				D619AE711A77291E0001CC97 /* HTTPResponse.h */,
				D619AE7B1A772C3D0001CC97 /* HTTPResponse.m */,
				D619AE481A77286B0001CC97 /* VersionResponse.h */,
				D619AE491A77286B0001CC97 /* VersionResponse.m */,
				D619AE4B1A7728990001CC97 /* Toolkit */,
			);
			name = Handle;
			sourceTree = "<group>";
		};
		D6F225501A400DCF00E3FCB2 /* View */ = {
			isa = PBXGroup;
			children = (
				D6F225511A40138000E3FCB2 /* JKUpdateAlertView.h */,
				D6F225521A40138000E3FCB2 /* JKUpdateAlertView.m */,
				D6A9E76B1A49021F001448C0 /* QuartzView.h */,
				D6A9E76C1A49021F001448C0 /* QuartzView.m */,
				D616686A1A49038B0067C179 /* Line.h */,
				D616686B1A49038B0067C179 /* Line.m */,
				D616686D1A490BCB0067C179 /* Arcs.h */,
				D616686E1A490BCB0067C179 /* Arcs.m */,
				D61668731A493EC10067C179 /* RectView.h */,
				D61668741A493EC10067C179 /* RectView.m */,
				D61668761A49459F0067C179 /* Blend.h */,
				D61668771A49459F0067C179 /* Blend.m */,
				D6EADF6F1A4952AB00D46981 /* ImageAndTiling.h */,
				D6EADF701A4952AB00D46981 /* ImageAndTiling.m */,
				D6EADF741A49646F00D46981 /* Pattern.h */,
				D6EADF751A49646F00D46981 /* Pattern.m */,
				D6EADF771A496B5200D46981 /* Gradient.h */,
				D6EADF781A496B5200D46981 /* Gradient.m */,
				D6EADF7A1A4A528F00D46981 /* Clipping.h */,
				D6EADF7B1A4A528F00D46981 /* Clipping.m */,
				D6EADF821A4A5A8400D46981 /* Mask.h */,
				D6EADF831A4A5A8400D46981 /* Mask.m */,
				D6D0EAD61A5B84F8005C3A5D /* CAShapeLayerDrawing.h */,
				D6D0EAD71A5B84F8005C3A5D /* CAShapeLayerDrawing.m */,
				D6D0EAD91A5B896F005C3A5D /* DrawingView.h */,
				D6D0EADA1A5B896F005C3A5D /* DrawingView.m */,
			);
			path = View;
			sourceTree = "<group>";
		};
/* End PBXGroup section */

/* Begin PBXNativeTarget section */
		D6422CBE1A397E85000D9759 /* TraningTarget-iOS */ = {
			isa = PBXNativeTarget;
			buildConfigurationList = D6422CE21A397E85000D9759 /* Build configuration list for PBXNativeTarget "TraningTarget-iOS" */;
			buildPhases = (
				F8DBE9F11E4989ABD872E363 /* Check Pods Manifest.lock */,
				D6422CBB1A397E85000D9759 /* Sources */,
				D6422CBC1A397E85000D9759 /* Frameworks */,
				D6422CBD1A397E85000D9759 /* Resources */,
				30181D99A815DF10811FF5D0 /* Copy Pods Resources */,
			);
			buildRules = (
			);
			dependencies = (
			);
			name = "TraningTarget-iOS";
			productName = "TraningTarget-iOS";
			productReference = D6422CBF1A397E85000D9759 /* TraningTarget-iOS.app */;
			productType = "com.apple.product-type.application";
		};
		D6422CD71A397E85000D9759 /* TraningTarget-iOSTests */ = {
			isa = PBXNativeTarget;
			buildConfigurationList = D6422CE51A397E85000D9759 /* Build configuration list for PBXNativeTarget "TraningTarget-iOSTests" */;
			buildPhases = (
				D6422CD41A397E85000D9759 /* Sources */,
				D6422CD51A397E85000D9759 /* Frameworks */,
				D6422CD61A397E85000D9759 /* Resources */,
			);
			buildRules = (
			);
			dependencies = (
				D6422CDA1A397E85000D9759 /* PBXTargetDependency */,
			);
			name = "TraningTarget-iOSTests";
			productName = "TraningTarget-iOSTests";
			productReference = D6422CD81A397E85000D9759 /* TraningTarget-iOSTests.xctest */;
			productType = "com.apple.product-type.bundle.unit-test";
		};
/* End PBXNativeTarget section */

/* Begin PBXProject section */
		D6422CB71A397E85000D9759 /* Project object */ = {
			isa = PBXProject;
			attributes = {
				LastUpgradeCheck = 0610;
				ORGANIZATIONNAME = WorkMac;
				TargetAttributes = {
					D6422CBE1A397E85000D9759 = {
						CreatedOnToolsVersion = 6.1;
					};
					D6422CD71A397E85000D9759 = {
						CreatedOnToolsVersion = 6.1;
						TestTargetID = D6422CBE1A397E85000D9759;
					};
				};
			};
			buildConfigurationList = D6422CBA1A397E85000D9759 /* Build configuration list for PBXProject "TraningTarget-iOS" */;
			compatibilityVersion = "Xcode 3.2";
			developmentRegion = English;
			hasScannedForEncodings = 0;
			knownRegions = (
				en,
				Base,
			);
			mainGroup = D6422CB61A397E85000D9759;
			productRefGroup = D6422CC01A397E85000D9759 /* Products */;
			projectDirPath = "";
			projectRoot = "";
			targets = (
				D6422CBE1A397E85000D9759 /* TraningTarget-iOS */,
				D6422CD71A397E85000D9759 /* TraningTarget-iOSTests */,
			);
		};
/* End PBXProject section */

/* Begin PBXResourcesBuildPhase section */
		D6422CBD1A397E85000D9759 /* Resources */ = {
			isa = PBXResourcesBuildPhase;
			buildActionMask = 2147483647;
			files = (
				D6D0EAD21A5A7823005C3A5D /* qq.png in Resources */,
				D68411861A5CCA560078A807 /* test.png in Resources */,
				D6D0EAC81A5A4477005C3A5D /* car.png in Resources */,
				D6EADF731A49551000D46981 /* demo.png in Resources */,
				D6422CCE1A397E85000D9759 /* Main.storyboard in Resources */,
				D6EADF7E1A4A530400D46981 /* Ship.png in Resources */,
				D6EA5CF91AA59A1800BA68D4 /* barcode.png in Resources */,
				D6492A6E1A885614007FC85C /* rotate.jpg in Resources */,
				D6422CD31A397E85000D9759 /* LaunchScreen.xib in Resources */,
				D6422CD01A397E85000D9759 /* Images.xcassets in Resources */,
				D6C3BDF91A5940B500E0D405 /* fire.png in Resources */,
				D6D0EACD1A5A64FE005C3A5D /* door.png in Resources */,
			);
			runOnlyForDeploymentPostprocessing = 0;
		};
		D6422CD61A397E85000D9759 /* Resources */ = {
			isa = PBXResourcesBuildPhase;
			buildActionMask = 2147483647;
			files = (
			);
			runOnlyForDeploymentPostprocessing = 0;
		};
/* End PBXResourcesBuildPhase section */

/* Begin PBXShellScriptBuildPhase section */
		30181D99A815DF10811FF5D0 /* Copy Pods Resources */ = {
			isa = PBXShellScriptBuildPhase;
			buildActionMask = 2147483647;
			files = (
			);
			inputPaths = (
			);
			name = "Copy Pods Resources";
			outputPaths = (
			);
			runOnlyForDeploymentPostprocessing = 0;
			shellPath = /bin/sh;
			shellScript = "\"${SRCROOT}/Pods/Target Support Files/Pods/Pods-resources.sh\"\n";
			showEnvVarsInLog = 0;
		};
		F8DBE9F11E4989ABD872E363 /* Check Pods Manifest.lock */ = {
			isa = PBXShellScriptBuildPhase;
			buildActionMask = 2147483647;
			files = (
			);
			inputPaths = (
			);
			name = "Check Pods Manifest.lock";
			outputPaths = (
			);
			runOnlyForDeploymentPostprocessing = 0;
			shellPath = /bin/sh;
			shellScript = "diff \"${PODS_ROOT}/../Podfile.lock\" \"${PODS_ROOT}/Manifest.lock\" > /dev/null\nif [[ $? != 0 ]] ; then\n    cat << EOM\nerror: The sandbox is not in sync with the Podfile.lock. Run 'pod install' or update your CocoaPods installation.\nEOM\n    exit 1\nfi\n";
			showEnvVarsInLog = 0;
		};
/* End PBXShellScriptBuildPhase section */

/* Begin PBXSourcesBuildPhase section */
		D6422CBB1A397E85000D9759 /* Sources */ = {
			isa = PBXSourcesBuildPhase;
			buildActionMask = 2147483647;
			files = (
				D619AE661A7728990001CC97 /* DebugUtil.m in Sources */,
				D6B90B111AA05CA500B8A080 /* PictureObject.m in Sources */,
				D6EADF711A4952AB00D46981 /* ImageAndTiling.m in Sources */,
				D619AE691A7728990001CC97 /* NSString+MD5.m in Sources */,
				D6B90B0C1AA03FBA00B8A080 /* AssetsLibraryViewController.m in Sources */,
				D619AE771A772AAD0001CC97 /* AppUtil.m in Sources */,
				D619AE6D1A7728990001CC97 /* UIView+MGBadgeView.m in Sources */,
				D63ADF1D1A413007009CA874 /* RuntimeDemoOneViewController.m in Sources */,
				D619AE4A1A77286B0001CC97 /* VersionResponse.m in Sources */,
				D6D0EAD01A5A7386005C3A5D /* CoreAnimationCAMediaTimingFunction.m in Sources */,
				D619AE6A1A7728990001CC97 /* PathUtil.m in Sources */,
				D6F2255C1A41174000E3FCB2 /* TestRemoveViewTestController.m in Sources */,
				D6C3BDF21A58D5B300E0D405 /* CoreAnimationDemoViewController.m in Sources */,
				D6422CCB1A397E85000D9759 /* RootViewController.m in Sources */,
				D61668781A49459F0067C179 /* Blend.m in Sources */,
				D65AD0BF1A3EC6AA00D6E193 /* EmptyClass.m in Sources */,
				D6422CC81A397E85000D9759 /* AppDelegate.m in Sources */,
				D63ADF231A416B8E009CA874 /* RuntimeDemoThreeViewController.m in Sources */,
				D61668751A493EC10067C179 /* RectView.m in Sources */,
				D65CC5FD1A78CC4E003AD059 /* TipTestViewController.m in Sources */,
				D65DDE671A885911005F3AB5 /* UIImage+Rotate.m in Sources */,
				D616686F1A490BCB0067C179 /* Arcs.m in Sources */,
				D6A9E76D1A49021F001448C0 /* QuartzView.m in Sources */,
				D616686C1A49038B0067C179 /* Line.m in Sources */,
				D6EADF761A49646F00D46981 /* Pattern.m in Sources */,
				CFEAB54B1A597D2B00696D42 /* CoreAnimationImplicitCA.m in Sources */,
				D6422CED1A3990D4000D9759 /* RuntimeMsgForWarding.m in Sources */,
				D6D0EAD51A5A9533005C3A5D /* CoreAnimationCANiubilty.m in Sources */,
				D6F225531A40138000E3FCB2 /* JKUpdateAlertView.m in Sources */,
				D6EADF841A4A5A8400D46981 /* Mask.m in Sources */,
				D619AE6B1A7728990001CC97 /* UIImage+Color.m in Sources */,
				D6D0EACB1A5A6264005C3A5D /* CoreAnimationCAMediaTiming.m in Sources */,
				D619AE6C1A7728990001CC97 /* UIView+Frame.m in Sources */,
				D6D943941A3AE19B00898FA3 /* RuntimeDynamicMethodResolutionAndDynamicLoading.m in Sources */,
				D6C3BDF71A591EE400E0D405 /* CoreAnimationDemoTwoViewController.m in Sources */,
				D6EADF7C1A4A528F00D46981 /* Clipping.m in Sources */,
				D6422CF01A399587000D9759 /* ClassSet.m in Sources */,
				D674FDD21A81F2DC00CAE789 /* MyRequestProtocol.m in Sources */,
				D619AE671A7728990001CC97 /* JSONUtil.m in Sources */,
				D6422CF61A3996D5000D9759 /* BaseViewController.m in Sources */,
				D6F2254E1A400B0E00E3FCB2 /* TestCustomAlertViewController.m in Sources */,
				D619AE461A7725300001CC97 /* AFDemoViewController.m in Sources */,
				D6EADF791A496B5200D46981 /* Gradient.m in Sources */,
				D6D0EAD81A5B84F8005C3A5D /* CAShapeLayerDrawing.m in Sources */,
				D63ADF201A415B74009CA874 /* RuntimeDemoTwoViewController.m in Sources */,
				D63ADF391A41879A009CA874 /* TestArrayOrderViewController.m in Sources */,
				D6EADF8E1A4AA45400D46981 /* CategoryViewController.m in Sources */,
				D6D943891A3AB7C800898FA3 /* MsgForWardingDemo.m in Sources */,
				D619AE7A1A772BA90001CC97 /* PropertiesManager.m in Sources */,
				D6F307A31A6CDE0C008546F2 /* UIImage+UIImageExtras.m in Sources */,
				D6B90B231AA411A400B8A080 /* dispatch_group_tAndNotificationViewController.m in Sources */,
				D6EADF8B1A4AA42600D46981 /* UIViewController+HUD.m in Sources */,
				D619AE7C1A772C3D0001CC97 /* HTTPResponse.m in Sources */,
				D63ADF261A416EF9009CA874 /* NSObject+AutoEncodeDecode.m in Sources */,
				D6422CC51A397E85000D9759 /* main.m in Sources */,
				D6422CF91A399798000D9759 /* ClassItem.m in Sources */,
				D619AE6F1A7728990001CC97 /* UIViewController+DismissKeyboard.m in Sources */,
				D6D0EAC61A5A2D6F005C3A5D /* CoreAnimationExplicitCA.m in Sources */,
				D65686511A441BD400576E94 /* CoreGarphicsDemoViewController.m in Sources */,
				D6492A6C1A8855B3007FC85C /* RotateImageViewController.m in Sources */,
				D6D943901A3AC7E900898FA3 /* RuntimePropertyAndFunction.m in Sources */,
				D6D0EADB1A5B896F005C3A5D /* DrawingView.m in Sources */,
				D619AE681A7728990001CC97 /* NSDate+Utilities.m in Sources */,
				D6EA5CF71AA598FA00BA68D4 /* ZXingOBJCViewController.m in Sources */,
				D61E33B31A78D7DE00105117 /* UIViewController+AbnormalDisplay.m in Sources */,
			);
			runOnlyForDeploymentPostprocessing = 0;
		};
		D6422CD41A397E85000D9759 /* Sources */ = {
			isa = PBXSourcesBuildPhase;
			buildActionMask = 2147483647;
			files = (
				D6422CDF1A397E85000D9759 /* TraningTarget_iOSTests.m in Sources */,
			);
			runOnlyForDeploymentPostprocessing = 0;
		};
/* End PBXSourcesBuildPhase section */

/* Begin PBXTargetDependency section */
		D6422CDA1A397E85000D9759 /* PBXTargetDependency */ = {
			isa = PBXTargetDependency;
			target = D6422CBE1A397E85000D9759 /* TraningTarget-iOS */;
			targetProxy = D6422CD91A397E85000D9759 /* PBXContainerItemProxy */;
		};
/* End PBXTargetDependency section */

/* Begin PBXVariantGroup section */
		D6422CCC1A397E85000D9759 /* Main.storyboard */ = {
			isa = PBXVariantGroup;
			children = (
				D6422CCD1A397E85000D9759 /* Base */,
			);
			name = Main.storyboard;
			sourceTree = "<group>";
		};
		D6422CD11A397E85000D9759 /* LaunchScreen.xib */ = {
			isa = PBXVariantGroup;
			children = (
				D6422CD21A397E85000D9759 /* Base */,
			);
			name = LaunchScreen.xib;
			sourceTree = "<group>";
		};
/* End PBXVariantGroup section */

/* Begin XCBuildConfiguration section */
		D6422CE01A397E85000D9759 /* Debug */ = {
			isa = XCBuildConfiguration;
			buildSettings = {
				ALWAYS_SEARCH_USER_PATHS = NO;
				CLANG_CXX_LANGUAGE_STANDARD = "gnu++0x";
				CLANG_CXX_LIBRARY = "libc++";
				CLANG_ENABLE_MODULES = YES;
				CLANG_ENABLE_OBJC_ARC = YES;
				CLANG_WARN_BOOL_CONVERSION = YES;
				CLANG_WARN_CONSTANT_CONVERSION = YES;
				CLANG_WARN_DIRECT_OBJC_ISA_USAGE = YES_ERROR;
				CLANG_WARN_EMPTY_BODY = YES;
				CLANG_WARN_ENUM_CONVERSION = YES;
				CLANG_WARN_INT_CONVERSION = YES;
				CLANG_WARN_OBJC_ROOT_CLASS = YES_ERROR;
				CLANG_WARN_UNREACHABLE_CODE = YES;
				CLANG_WARN__DUPLICATE_METHOD_MATCH = YES;
				"CODE_SIGN_IDENTITY[sdk=iphoneos*]" = "iPhone Developer";
				COPY_PHASE_STRIP = NO;
				ENABLE_STRICT_OBJC_MSGSEND = YES;
				GCC_C_LANGUAGE_STANDARD = gnu99;
				GCC_DYNAMIC_NO_PIC = NO;
				GCC_OPTIMIZATION_LEVEL = 0;
				GCC_PREPROCESSOR_DEFINITIONS = (
					"DEBUG=1",
					"$(inherited)",
				);
				GCC_SYMBOLS_PRIVATE_EXTERN = NO;
				GCC_WARN_64_TO_32_BIT_CONVERSION = YES;
				GCC_WARN_ABOUT_RETURN_TYPE = YES_ERROR;
				GCC_WARN_UNDECLARED_SELECTOR = YES;
				GCC_WARN_UNINITIALIZED_AUTOS = YES_AGGRESSIVE;
				GCC_WARN_UNUSED_FUNCTION = YES;
				GCC_WARN_UNUSED_VARIABLE = YES;
				IPHONEOS_DEPLOYMENT_TARGET = 7.0;
				MTL_ENABLE_DEBUG_INFO = YES;
				ONLY_ACTIVE_ARCH = YES;
				SDKROOT = iphoneos;
			};
			name = Debug;
		};
		D6422CE11A397E85000D9759 /* Release */ = {
			isa = XCBuildConfiguration;
			buildSettings = {
				ALWAYS_SEARCH_USER_PATHS = NO;
				CLANG_CXX_LANGUAGE_STANDARD = "gnu++0x";
				CLANG_CXX_LIBRARY = "libc++";
				CLANG_ENABLE_MODULES = YES;
				CLANG_ENABLE_OBJC_ARC = YES;
				CLANG_WARN_BOOL_CONVERSION = YES;
				CLANG_WARN_CONSTANT_CONVERSION = YES;
				CLANG_WARN_DIRECT_OBJC_ISA_USAGE = YES_ERROR;
				CLANG_WARN_EMPTY_BODY = YES;
				CLANG_WARN_ENUM_CONVERSION = YES;
				CLANG_WARN_INT_CONVERSION = YES;
				CLANG_WARN_OBJC_ROOT_CLASS = YES_ERROR;
				CLANG_WARN_UNREACHABLE_CODE = YES;
				CLANG_WARN__DUPLICATE_METHOD_MATCH = YES;
				"CODE_SIGN_IDENTITY[sdk=iphoneos*]" = "iPhone Developer";
				COPY_PHASE_STRIP = YES;
				ENABLE_NS_ASSERTIONS = NO;
				ENABLE_STRICT_OBJC_MSGSEND = YES;
				GCC_C_LANGUAGE_STANDARD = gnu99;
				GCC_WARN_64_TO_32_BIT_CONVERSION = YES;
				GCC_WARN_ABOUT_RETURN_TYPE = YES_ERROR;
				GCC_WARN_UNDECLARED_SELECTOR = YES;
				GCC_WARN_UNINITIALIZED_AUTOS = YES_AGGRESSIVE;
				GCC_WARN_UNUSED_FUNCTION = YES;
				GCC_WARN_UNUSED_VARIABLE = YES;
				IPHONEOS_DEPLOYMENT_TARGET = 7.0;
				MTL_ENABLE_DEBUG_INFO = NO;
				SDKROOT = iphoneos;
				VALIDATE_PRODUCT = YES;
			};
			name = Release;
		};
		D6422CE31A397E85000D9759 /* Debug */ = {
			isa = XCBuildConfiguration;
			baseConfigurationReference = 5310E391BEB252286D0FDC14 /* Pods.debug.xcconfig */;
			buildSettings = {
				ASSETCATALOG_COMPILER_APPICON_NAME = AppIcon;
				ASSETCATALOG_COMPILER_LAUNCHIMAGE_NAME = LaunchImage;
				INFOPLIST_FILE = "TraningTarget-iOS/Info.plist";
				IPHONEOS_DEPLOYMENT_TARGET = 7.0;
				LD_RUNPATH_SEARCH_PATHS = "$(inherited) @executable_path/Frameworks";
				PRODUCT_NAME = "$(TARGET_NAME)";
			};
			name = Debug;
		};
		D6422CE41A397E85000D9759 /* Release */ = {
			isa = XCBuildConfiguration;
			baseConfigurationReference = 9E51B3FDA7BC7E8AF676D062 /* Pods.release.xcconfig */;
			buildSettings = {
				ASSETCATALOG_COMPILER_APPICON_NAME = AppIcon;
				ASSETCATALOG_COMPILER_LAUNCHIMAGE_NAME = LaunchImage;
				INFOPLIST_FILE = "TraningTarget-iOS/Info.plist";
				IPHONEOS_DEPLOYMENT_TARGET = 7.0;
				LD_RUNPATH_SEARCH_PATHS = "$(inherited) @executable_path/Frameworks";
				PRODUCT_NAME = "$(TARGET_NAME)";
			};
			name = Release;
		};
		D6422CE61A397E85000D9759 /* Debug */ = {
			isa = XCBuildConfiguration;
			buildSettings = {
				BUNDLE_LOADER = "$(TEST_HOST)";
				FRAMEWORK_SEARCH_PATHS = (
					"$(SDKROOT)/Developer/Library/Frameworks",
					"$(inherited)",
				);
				GCC_PREPROCESSOR_DEFINITIONS = (
					"DEBUG=1",
					"$(inherited)",
				);
				INFOPLIST_FILE = "TraningTarget-iOSTests/Info.plist";
				LD_RUNPATH_SEARCH_PATHS = "$(inherited) @executable_path/Frameworks @loader_path/Frameworks";
				PRODUCT_NAME = "$(TARGET_NAME)";
				TEST_HOST = "$(BUILT_PRODUCTS_DIR)/TraningTarget-iOS.app/TraningTarget-iOS";
			};
			name = Debug;
		};
		D6422CE71A397E85000D9759 /* Release */ = {
			isa = XCBuildConfiguration;
			buildSettings = {
				BUNDLE_LOADER = "$(TEST_HOST)";
				FRAMEWORK_SEARCH_PATHS = (
					"$(SDKROOT)/Developer/Library/Frameworks",
					"$(inherited)",
				);
				INFOPLIST_FILE = "TraningTarget-iOSTests/Info.plist";
				LD_RUNPATH_SEARCH_PATHS = "$(inherited) @executable_path/Frameworks @loader_path/Frameworks";
				PRODUCT_NAME = "$(TARGET_NAME)";
				TEST_HOST = "$(BUILT_PRODUCTS_DIR)/TraningTarget-iOS.app/TraningTarget-iOS";
			};
			name = Release;
		};
/* End XCBuildConfiguration section */

/* Begin XCConfigurationList section */
		D6422CBA1A397E85000D9759 /* Build configuration list for PBXProject "TraningTarget-iOS" */ = {
			isa = XCConfigurationList;
			buildConfigurations = (
				D6422CE01A397E85000D9759 /* Debug */,
				D6422CE11A397E85000D9759 /* Release */,
			);
			defaultConfigurationIsVisible = 0;
			defaultConfigurationName = Release;
		};
		D6422CE21A397E85000D9759 /* Build configuration list for PBXNativeTarget "TraningTarget-iOS" */ = {
			isa = XCConfigurationList;
			buildConfigurations = (
				D6422CE31A397E85000D9759 /* Debug */,
				D6422CE41A397E85000D9759 /* Release */,
			);
			defaultConfigurationIsVisible = 0;
			defaultConfigurationName = Release;
		};
		D6422CE51A397E85000D9759 /* Build configuration list for PBXNativeTarget "TraningTarget-iOSTests" */ = {
			isa = XCConfigurationList;
			buildConfigurations = (
				D6422CE61A397E85000D9759 /* Debug */,
				D6422CE71A397E85000D9759 /* Release */,
			);
			defaultConfigurationIsVisible = 0;
			defaultConfigurationName = Release;
		};
/* End XCConfigurationList section */
	};
	rootObject = D6422CB71A397E85000D9759 /* Project object */;
}
